
Microsoft Visual Studio Solution File, Format Version 12.00
# Visual Studio Version 16
VisualStudioVersion = 16.0.29519.181
MinimumVisualStudioVersion = 10.0.40219.1
Project("{FAE04EC0-301F-11D3-BF4B-00C04F79EFBC}") = "HelloWorld", "ConsoleApp1\HelloWorld.csproj", "{E57E891F-89DD-41F7-94F5-AADA4187DBCA}"
EndProject
Global
	GlobalSection(SolutionConfigurationPlatforms) = preSolution
		Debug|Any CPU = Debug|Any CPU
		Release|Any CPU = Release|Any CPU
	EndGlobalSection
	GlobalSection(ProjectConfigurationPlatforms) = postSolution
		{E57E891F-89DD-41F7-94F5-AADA4187DBCA}.Debug|Any CPU.ActiveCfg = Debug|Any CPU
		{E57E891F-89DD-41F7-94F5-AADA4187DBCA}.Debug|Any CPU.Build.0 = Debug|Any CPU
		{E57E891F-89DD-41F7-94F5-AADA4187DBCA}.Release|Any CPU.ActiveCfg = Release|Any CPU
		{E57E891F-89DD-41F7-94F5-AADA4187DBCA}.Release|Any CPU.Build.0 = Release|Any CPU
	EndGlobalSection
	GlobalSection(SolutionProperties) = preSolution
		HideSolutionNode = FALSE
	EndGlobalSection
	GlobalSection(ExtensibilityGlobals) = postSolution
		SolutionGuid = {EB5F2A8D-376E-448B-BD6D-FCF0F0587962}
	EndGlobalSection
EndGlobal
